// !$*UTF8*$!
{
	archiveVersion = 1;
	classes = {
	};
	objectVersion = 46;
	objects = {

/* Begin PBXBuildFile section */
		A20B0294169DCD91001174B6 /* 65a30f3d09621a8d7c1e7110.jpg in Resources */ = {isa = PBXBuildFile; fileRef = A20B0291169DCD91001174B6 /* 65a30f3d09621a8d7c1e7110.jpg */; };
		A20B0295169DCD91001174B6 /* 1230493T2-0.jpg in Resources */ = {isa = PBXBuildFile; fileRef = A20B0292169DCD91001174B6 /* 1230493T2-0.jpg */; };
		A20B0296169DCD91001174B6 /* 2011121223555135027.jpg in Resources */ = {isa = PBXBuildFile; fileRef = A20B0293169DCD91001174B6 /* 2011121223555135027.jpg */; };
		A20B0299169DD1D2001174B6 /* 星星1.png in Resources */ = {isa = PBXBuildFile; fileRef = A20B0298169DD1D2001174B6 /* 星星1.png */; };
		A20B029B169DDA32001174B6 /* 可爱卡通桌面图标下载11.png in Resources */ = {isa = PBXBuildFile; fileRef = A20B029A169DDA32001174B6 /* 可爱卡通桌面图标下载11.png */; };
		A20B029D169DDB0B001174B6 /* 332d9c0400acdd74ebc9e9.png.album.jpg in Resources */ = {isa = PBXBuildFile; fileRef = A20B029C169DDB0B001174B6 /* 332d9c0400acdd74ebc9e9.png.album.jpg */; };
		A20B029F169DDBE7001174B6 /* 51127星星.png in Resources */ = {isa = PBXBuildFile; fileRef = A20B029E169DDBE7001174B6 /* 51127星星.png */; };
		A2EB7B6F169D51DB0081E3EF /* UIKit.framework in Frameworks */ = {isa = PBXBuildFile; fileRef = A2EB7B6E169D51DB0081E3EF /* UIKit.framework */; };
		A2EB7B71169D51DB0081E3EF /* Foundation.framework in Frameworks */ = {isa = PBXBuildFile; fileRef = A2EB7B70169D51DB0081E3EF /* Foundation.framework */; };
		A2EB7B73169D51DB0081E3EF /* CoreGraphics.framework in Frameworks */ = {isa = PBXBuildFile; fileRef = A2EB7B72169D51DB0081E3EF /* CoreGraphics.framework */; };
		A2EB7B79169D51DB0081E3EF /* InfoPlist.strings in Resources */ = {isa = PBXBuildFile; fileRef = A2EB7B77169D51DB0081E3EF /* InfoPlist.strings */; };
		A2EB7B7B169D51DB0081E3EF /* main.m in Sources */ = {isa = PBXBuildFile; fileRef = A2EB7B7A169D51DB0081E3EF /* main.m */; };
		A2EB7B7F169D51DB0081E3EF /* AppDelegate.m in Sources */ = {isa = PBXBuildFile; fileRef = A2EB7B7E169D51DB0081E3EF /* AppDelegate.m */; };
		A2EB7B82169D51DB0081E3EF /* MainStoryboard.storyboard in Resources */ = {isa = PBXBuildFile; fileRef = A2EB7B80169D51DB0081E3EF /* MainStoryboard.storyboard */; };
		A2EB7B85169D51DB0081E3EF /* ViewController.m in Sources */ = {isa = PBXBuildFile; fileRef = A2EB7B84169D51DB0081E3EF /* ViewController.m */; };
/* End PBXBuildFile section */

/* Begin PBXFileReference section */
		A20B0291169DCD91001174B6 /* 65a30f3d09621a8d7c1e7110.jpg */ = {isa = PBXFileReference; lastKnownFileType = image.jpeg; name = 65a30f3d09621a8d7c1e7110.jpg; path = ../../../Downloads/65a30f3d09621a8d7c1e7110.jpg; sourceTree = "<group>"; };
		A20B0292169DCD91001174B6 /* 1230493T2-0.jpg */ = {isa = PBXFileReference; lastKnownFileType = image.jpeg; name = "1230493T2-0.jpg"; path = "../../../Downloads/1230493T2-0.jpg"; sourceTree = "<group>"; };
		A20B0293169DCD91001174B6 /* 2011121223555135027.jpg */ = {isa = PBXFileReference; lastKnownFileType = image.jpeg; name = 2011121223555135027.jpg; path = ../../../Downloads/2011121223555135027.jpg; sourceTree = "<group>"; };
		A20B0298169DD1D2001174B6 /* 星星1.png */ = {isa = PBXFileReference; lastKnownFileType = image.png; name = "星星1.png"; path = "../../../Downloads/星星1.png"; sourceTree = "<group>"; };
		A20B029A169DDA32001174B6 /* 可爱卡通桌面图标下载11.png */ = {isa = PBXFileReference; lastKnownFileType = image.png; name = "可爱卡通桌面图标下载11.png"; path = "../../../Downloads/可爱卡通桌面图标下载11.png"; sourceTree = "<group>"; };
		A20B029C169DDB0B001174B6 /* 332d9c0400acdd74ebc9e9.png.album.jpg */ = {isa = PBXFileReference; lastKnownFileType = image.jpeg; name = 332d9c0400acdd74ebc9e9.png.album.jpg; path = ../../../Downloads/332d9c0400acdd74ebc9e9.png.album.jpg; sourceTree = "<group>"; };
		A20B029E169DDBE7001174B6 /* 51127星星.png */ = {isa = PBXFileReference; lastKnownFileType = image.png; name = "51127星星.png"; path = "../../../Downloads/51127星星.png"; sourceTree = "<group>"; };
		A2EB7B6A169D51DB0081E3EF /* kadai06.app */ = {isa = PBXFileReference; explicitFileType = wrapper.application; includeInIndex = 0; path = kadai06.app; sourceTree = BUILT_PRODUCTS_DIR; };
		A2EB7B6E169D51DB0081E3EF /* UIKit.framework */ = {isa = PBXFileReference; lastKnownFileType = wrapper.framework; name = UIKit.framework; path = System/Library/Frameworks/UIKit.framework; sourceTree = SDKROOT; };
		A2EB7B70169D51DB0081E3EF /* Foundation.framework */ = {isa = PBXFileReference; lastKnownFileType = wrapper.framework; name = Foundation.framework; path = System/Library/Frameworks/Foundation.framework; sourceTree = SDKROOT; };
		A2EB7B72169D51DB0081E3EF /* CoreGraphics.framework */ = {isa = PBXFileReference; lastKnownFileType = wrapper.framework; name = CoreGraphics.framework; path = System/Library/Frameworks/CoreGraphics.framework; sourceTree = SDKROOT; };
		A2EB7B76169D51DB0081E3EF /* kadai06-Info.plist */ = {isa = PBXFileReference; lastKnownFileType = text.plist.xml; path = "kadai06-Info.plist"; sourceTree = "<group>"; };
		A2EB7B78169D51DB0081E3EF /* en */ = {isa = PBXFileReference; lastKnownFileType = text.plist.strings; name = en; path = en.lproj/InfoPlist.strings; sourceTree = "<group>"; };
		A2EB7B7A169D51DB0081E3EF /* main.m */ = {isa = PBXFileReference; lastKnownFileType = sourcecode.c.objc; path = main.m; sourceTree = "<group>"; };
		A2EB7B7C169D51DB0081E3EF /* kadai06-Prefix.pch */ = {isa = PBXFileReference; lastKnownFileType = sourcecode.c.h; path = "kadai06-Prefix.pch"; sourceTree = "<group>"; };
		A2EB7B7D169D51DB0081E3EF /* AppDelegate.h */ = {isa = PBXFileReference; lastKnownFileType = sourcecode.c.h; path = AppDelegate.h; sourceTree = "<group>"; };
		A2EB7B7E169D51DB0081E3EF /* AppDelegate.m */ = {isa = PBXFileReference; lastKnownFileType = sourcecode.c.objc; path = AppDelegate.m; sourceTree = "<group>"; };
		A2EB7B81169D51DB0081E3EF /* en */ = {isa = PBXFileReference; lastKnownFileType = file.storyboard; name = en; path = en.lproj/MainStoryboard.storyboard; sourceTree = "<group>"; };
		A2EB7B83169D51DB0081E3EF /* ViewController.h */ = {isa = PBXFileReference; lastKnownFileType = sourcecode.c.h; path = ViewController.h; sourceTree = "<group>"; };
		A2EB7B84169D51DB0081E3EF /* ViewController.m */ = {isa = PBXFileReference; lastKnownFileType = sourcecode.c.objc; path = ViewController.m; sourceTree = "<group>"; };
/* End PBXFileReference section */

/* Begin PBXFrameworksBuildPhase section */
		A2EB7B67169D51DB0081E3EF /* Frameworks */ = {
			isa = PBXFrameworksBuildPhase;
			buildActionMask = 2147483647;
			files = (
				A2EB7B6F169D51DB0081E3EF /* UIKit.framework in Frameworks */,
				A2EB7B71169D51DB0081E3EF /* Foundation.framework in Frameworks */,
				A2EB7B73169D51DB0081E3EF /* CoreGraphics.framework in Frameworks */,
			);
			runOnlyForDeploymentPostprocessing = 0;
		};
/* End PBXFrameworksBuildPhase section */

/* Begin PBXGroup section */
		A2EB7B5F169D51DB0081E3EF = {
			isa = PBXGroup;
			children = (
				A2EB7B74169D51DB0081E3EF /* kadai06 */,
				A2EB7B6D169D51DB0081E3EF /* Frameworks */,
				A2EB7B6B169D51DB0081E3EF /* Products */,
			);
			sourceTree = "<group>";
		};
		A2EB7B6B169D51DB0081E3EF /* Products */ = {
			isa = PBXGroup;
			children = (
				A2EB7B6A169D51DB0081E3EF /* kadai06.app */,
			);
			name = Products;
			sourceTree = "<group>";
		};
		A2EB7B6D169D51DB0081E3EF /* Frameworks */ = {
			isa = PBXGroup;
			children = (
				A2EB7B6E169D51DB0081E3EF /* UIKit.framework */,
				A2EB7B70169D51DB0081E3EF /* Foundation.framework */,
				A2EB7B72169D51DB0081E3EF /* CoreGraphics.framework */,
			);
			name = Frameworks;
			sourceTree = "<group>";
		};
		A2EB7B74169D51DB0081E3EF /* kadai06 */ = {
			isa = PBXGroup;
			children = (
				A2EB7B7D169D51DB0081E3EF /* AppDelegate.h */,
				A2EB7B7E169D51DB0081E3EF /* AppDelegate.m */,
				A2EB7B80169D51DB0081E3EF /* MainStoryboard.storyboard */,
				A20B029E169DDBE7001174B6 /* 51127星星.png */,
				A20B029C169DDB0B001174B6 /* 332d9c0400acdd74ebc9e9.png.album.jpg */,
				A20B029A169DDA32001174B6 /* 可爱卡通桌面图标下载11.png */,
				A20B0298169DD1D2001174B6 /* 星星1.png */,
				A20B0291169DCD91001174B6 /* 65a30f3d09621a8d7c1e7110.jpg */,
				A20B0292169DCD91001174B6 /* 1230493T2-0.jpg */,
				A20B0293169DCD91001174B6 /* 2011121223555135027.jpg */,
				A2EB7B83169D51DB0081E3EF /* ViewController.h */,
				A2EB7B84169D51DB0081E3EF /* ViewController.m */,
				A2EB7B75169D51DB0081E3EF /* Supporting Files */,
			);
			path = kadai06;
			sourceTree = "<group>";
		};
		A2EB7B75169D51DB0081E3EF /* Supporting Files */ = {
			isa = PBXGroup;
			children = (
				A2EB7B76169D51DB0081E3EF /* kadai06-Info.plist */,
				A2EB7B77169D51DB0081E3EF /* InfoPlist.strings */,
				A2EB7B7A169D51DB0081E3EF /* main.m */,
				A2EB7B7C169D51DB0081E3EF /* kadai06-Prefix.pch */,
			);
			name = "Supporting Files";
			sourceTree = "<group>";
		};
/* End PBXGroup section */

/* Begin PBXNativeTarget section */
		A2EB7B69169D51DB0081E3EF /* kadai06 */ = {
			isa = PBXNativeTarget;
			buildConfigurationList = A2EB7B88169D51DB0081E3EF /* Build configuration list for PBXNativeTarget "kadai06" */;
			buildPhases = (
				A2EB7B66169D51DB0081E3EF /* Sources */,
				A2EB7B67169D51DB0081E3EF /* Frameworks */,
				A2EB7B68169D51DB0081E3EF /* Resources */,
			);
			buildRules = (
			);
			dependencies = (
			);
			name = kadai06;
			productName = kadai06;
			productReference = A2EB7B6A169D51DB0081E3EF /* kadai06.app */;
			productType = "com.apple.product-type.application";
		};
/* End PBXNativeTarget section */

/* Begin PBXProject section */
		A2EB7B61169D51DB0081E3EF /* Project object */ = {
			isa = PBXProject;
			attributes = {
				LastUpgradeCheck = 0440;
				ORGANIZATIONNAME = "zheng xianzi";
			};
			buildConfigurationList = A2EB7B64169D51DB0081E3EF /* Build configuration list for PBXProject "kadai06" */;
			compatibilityVersion = "Xcode 3.2";
			developmentRegion = English;
			hasScannedForEncodings = 0;
			knownRegions = (
				en,
			);
			mainGroup = A2EB7B5F169D51DB0081E3EF;
			productRefGroup = A2EB7B6B169D51DB0081E3EF /* Products */;
			projectDirPath = "";
			projectRoot = "";
			targets = (
				A2EB7B69169D51DB0081E3EF /* kadai06 */,
			);
		};
/* End PBXProject section */

/* Begin PBXResourcesBuildPhase section */
		A2EB7B68169D51DB0081E3EF /* Resources */ = {
			isa = PBXResourcesBuildPhase;
			buildActionMask = 2147483647;
			files = (
				A2EB7B79169D51DB0081E3EF /* InfoPlist.strings in Resources */,
				A2EB7B82169D51DB0081E3EF /* MainStoryboard.storyboard in Resources */,
				A20B0294169DCD91001174B6 /* 65a30f3d09621a8d7c1e7110.jpg in Resources */,
				A20B0295169DCD91001174B6 /* 1230493T2-0.jpg in Resources */,
				A20B0296169DCD91001174B6 /* 2011121223555135027.jpg in Resources */,
				A20B0299169DD1D2001174B6 /* 星星1.png in Resources */,
				A20B029B169DDA32001174B6 /* 可爱卡通桌面图标下载11.png in Resources */,
				A20B029D169DDB0B001174B6 /* 332d9c0400acdd74ebc9e9.png.album.jpg in Resources */,
				A20B029F169DDBE7001174B6 /* 51127星星.png in Resources */,
			);
			runOnlyForDeploymentPostprocessing = 0;
		};
/* End PBXResourcesBuildPhase section */

/* Begin PBXSourcesBuildPhase section */
		A2EB7B66169D51DB0081E3EF /* Sources */ = {
			isa = PBXSourcesBuildPhase;
			buildActionMask = 2147483647;
			files = (
				A2EB7B7B169D51DB0081E3EF /* main.m in Sources */,
				A2EB7B7F169D51DB0081E3EF /* AppDelegate.m in Sources */,
				A2EB7B85169D51DB0081E3EF /* ViewController.m in Sources */,
			);
			runOnlyForDeploymentPostprocessing = 0;
		};
/* End PBXSourcesBuildPhase section */

/* Begin PBXVariantGroup section */
		A2EB7B77169D51DB0081E3EF /* InfoPlist.strings */ = {
			isa = PBXVariantGroup;
			children = (
				A2EB7B78169D51DB0081E3EF /* en */,
			);
			name = InfoPlist.strings;
			sourceTree = "<group>";
		};
		A2EB7B80169D51DB0081E3EF /* MainStoryboard.storyboard */ = {
			isa = PBXVariantGroup;
			children = (
				A2EB7B81169D51DB0081E3EF /* en */,
			);
			name = MainStoryboard.storyboard;
			sourceTree = "<group>";
		};
/* End PBXVariantGroup section */

/* Begin XCBuildConfiguration section */
		A2EB7B86169D51DB0081E3EF /* Debug */ = {
			isa = XCBuildConfiguration;
			buildSettings = {
				ALWAYS_SEARCH_USER_PATHS = NO;
				ARCHS = "$(ARCHS_STANDARD_32_BIT)";
				CLANG_CXX_LANGUAGE_STANDARD = "gnu++0x";
				CLANG_ENABLE_OBJC_ARC = YES;
				CLANG_WARN__DUPLICATE_METHOD_MATCH = YES;
				"CODE_SIGN_IDENTITY[sdk=iphoneos*]" = "iPhone Developer";
				COPY_PHASE_STRIP = NO;
				GCC_C_LANGUAGE_STANDARD = gnu99;
				GCC_DYNAMIC_NO_PIC = NO;
				GCC_OPTIMIZATION_LEVEL = 0;
				GCC_PREPROCESSOR_DEFINITIONS = (
					"DEBUG=1",
					"$(inherited)",
				);
				GCC_SYMBOLS_PRIVATE_EXTERN = NO;
				GCC_VERSION = com.apple.compilers.llvm.clang.1_0;
				GCC_WARN_ABOUT_RETURN_TYPE = YES;
				GCC_WARN_UNINITIALIZED_AUTOS = YES;
				GCC_WARN_UNUSED_VARIABLE = YES;
				IPHONEOS_DEPLOYMENT_TARGET = 5.1;
				SDKROOT = iphoneos;
			};
			name = Debug;
		};
		A2EB7B87169D51DB0081E3EF /* Release */ = {
			isa = XCBuildConfiguration;
			buildSettings = {
				ALWAYS_SEARCH_USER_PATHS = NO;
				ARCHS = "$(ARCHS_STANDARD_32_BIT)";
				CLANG_CXX_LANGUAGE_STANDARD = "gnu++0x";
				CLANG_ENABLE_OBJC_ARC = YES;
				CLANG_WARN__DUPLICATE_METHOD_MATCH = YES;
				"CODE_SIGN_IDENTITY[sdk=iphoneos*]" = "iPhone Developer";
				COPY_PHASE_STRIP = YES;
				GCC_C_LANGUAGE_STANDARD = gnu99;
				GCC_VERSION = com.apple.compilers.llvm.clang.1_0;
				GCC_WARN_ABOUT_RETURN_TYPE = YES;
				GCC_WARN_UNINITIALIZED_AUTOS = YES;
				GCC_WARN_UNUSED_VARIABLE = YES;
				IPHONEOS_DEPLOYMENT_TARGET = 5.1;
				OTHER_CFLAGS = "-DNS_BLOCK_ASSERTIONS=1";
				SDKROOT = iphoneos;
				VALIDATE_PRODUCT = YES;
			};
			name = Release;
		};
		A2EB7B89169D51DB0081E3EF /* Debug */ = {
			isa = XCBuildConfiguration;
			buildSettings = {
				GCC_PRECOMPILE_PREFIX_HEADER = YES;
				GCC_PREFIX_HEADER = "kadai06/kadai06-Prefix.pch";
				INFOPLIST_FILE = "kadai06/kadai06-Info.plist";
				PRODUCT_NAME = "$(TARGET_NAME)";
				WRAPPER_EXTENSION = app;
			};
			name = Debug;
		};
		A2EB7B8A169D51DB0081E3EF /* Release */ = {
			isa = XCBuildConfiguration;
			buildSettings = {
				GCC_PRECOMPILE_PREFIX_HEADER = YES;
				GCC_PREFIX_HEADER = "kadai06/kadai06-Prefix.pch";
				INFOPLIST_FILE = "kadai06/kadai06-Info.plist";
				PRODUCT_NAME = "$(TARGET_NAME)";
				WRAPPER_EXTENSION = app;
			};
			name = Release;
		};
/* End XCBuildConfiguration section */

/* Begin XCConfigurationList section */
		A2EB7B64169D51DB0081E3EF /* Build configuration list for PBXProject "kadai06" */ = {
			isa = XCConfigurationList;
			buildConfigurations = (
				A2EB7B86169D51DB0081E3EF /* Debug */,
				A2EB7B87169D51DB0081E3EF /* Release */,
			);
			defaultConfigurationIsVisible = 0;
			defaultConfigurationName = Release;
		};
		A2EB7B88169D51DB0081E3EF /* Build configuration list for PBXNativeTarget "kadai06" */ = {
			isa = XCConfigurationList;
			buildConfigurations = (
				A2EB7B89169D51DB0081E3EF /* Debug */,
				A2EB7B8A169D51DB0081E3EF /* Release */,
			);
			defaultConfigurationIsVisible = 0;
			defaultConfigurationName = Release;
		};
/* End XCConfigurationList section */
	};
	rootObject = A2EB7B61169D51DB0081E3EF /* Project object */;
}
